
Microsoft Visual Studio Solution File, Format Version 12.00
# Visual Studio Version 17
VisualStudioVersion = 17.11.35431.28
MinimumVisualStudioVersion = 10.0.40219.1
Project("{8BC9CEB8-8B4A-11D0-8D11-00A0C91BC942}") = "suchAnSimpleExample", "suchAnSimpleExample\suchAnSimpleExample.vcxproj", "{05BBE891-1029-4C7E-B4AB-DB6E039BE966}"
EndProject
Global
	GlobalSection(SolutionConfigurationPlatforms) = preSolution
		Debug|x64 = Debug|x64
		Debug|x86 = Debug|x86
		Release|x64 = Release|x64
		Release|x86 = Release|x86
	EndGlobalSection
	GlobalSection(ProjectConfigurationPlatforms) = postSolution
		{05BBE891-1029-4C7E-B4AB-DB6E039BE966}.Debug|x64.ActiveCfg = Debug|x64
		{05BBE891-1029-4C7E-B4AB-DB6E039BE966}.Debug|x64.Build.0 = Debug|x64
		{05BBE891-1029-4C7E-B4AB-DB6E039BE966}.Debug|x86.ActiveCfg = Debug|Win32
		{05BBE891-1029-4C7E-B4AB-DB6E039BE966}.Debug|x86.Build.0 = Debug|Win32
		{05BBE891-1029-4C7E-B4AB-DB6E039BE966}.Release|x64.ActiveCfg = Release|x64
		{05BBE891-1029-4C7E-B4AB-DB6E039BE966}.Release|x64.Build.0 = Release|x64
		{05BBE891-1029-4C7E-B4AB-DB6E039BE966}.Release|x86.ActiveCfg = Release|Win32
		{05BBE891-1029-4C7E-B4AB-DB6E039BE966}.Release|x86.Build.0 = Release|Win32
	EndGlobalSection
	GlobalSection(SolutionProperties) = preSolution
		HideSolutionNode = FALSE
	EndGlobalSection
	GlobalSection(ExtensibilityGlobals) = postSolution
		SolutionGuid = {428F7755-1AA6-4764-889F-75CEAA4FC90F}
	EndGlobalSection
EndGlobal
